{
  "version": 4,
  "terraform_version": "1.12.2",
  "serial": 2,
  "lineage": "fb132880-8af4-108f-1a90-79472ae6aa45",
  "outputs": {
    "aws_instance": {
      "value": {
        "ami": "ami-06cc5ebfb8571a147",
        "arn": "arn:aws:ec2:ap-south-1:433154991296:instance/i-00bb8ebace9ea2575",
        "associate_public_ip_address": true,
        "availability_zone": "ap-south-1c",
        "capacity_reservation_specification": [
          {
            "capacity_reservation_preference": "open",
            "capacity_reservation_target": []
          }
        ],
        "cpu_core_count": 1,
        "cpu_options": [
          {
            "amd_sev_snp": "",
            "core_count": 1,
            "threads_per_core": 2
          }
        ],
        "cpu_threads_per_core": 2,
        "credit_specification": [
          {
            "cpu_credits": "unlimited"
          }
        ],
        "disable_api_stop": false,
        "disable_api_termination": false,
        "ebs_block_device": [],
        "ebs_optimized": false,
        "enable_primary_ipv6": null,
        "enclave_options": [
          {
            "enabled": false
          }
        ],
        "ephemeral_block_device": [],
        "get_password_data": false,
        "hibernation": false,
        "host_id": "",
        "host_resource_group_arn": null,
        "iam_instance_profile": "",
        "id": "i-00bb8ebace9ea2575",
        "instance_initiated_shutdown_behavior": "stop",
        "instance_lifecycle": "",
        "instance_market_options": [],
        "instance_state": "running",
        "instance_type": "t3.micro",
        "ipv6_address_count": 0,
        "ipv6_addresses": [],
        "key_name": "",
        "launch_template": [],
        "maintenance_options": [
          {
            "auto_recovery": "default"
          }
        ],
        "metadata_options": [
          {
            "http_endpoint": "enabled",
            "http_protocol_ipv6": "disabled",
            "http_put_response_hop_limit": 1,
            "http_tokens": "optional",
            "instance_metadata_tags": "disabled"
          }
        ],
        "monitoring": false,
        "network_interface": [],
        "outpost_arn": "",
        "password_data": "",
        "placement_group": "",
        "placement_partition_number": 0,
        "primary_network_interface_id": "eni-0519d8103af0672de",
        "private_dns": "ip-172-31-20-228.ap-south-1.compute.internal",
        "private_dns_name_options": [
          {
            "enable_resource_name_dns_a_record": false,
            "enable_resource_name_dns_aaaa_record": false,
            "hostname_type": "ip-name"
          }
        ],
        "private_ip": "172.31.20.228",
        "public_dns": "ec2-3-110-100-16.ap-south-1.compute.amazonaws.com",
        "public_ip": "3.110.100.16",
        "root_block_device": [
          {
            "delete_on_termination": true,
            "device_name": "/dev/sda1",
            "encrypted": false,
            "iops": 100,
            "kms_key_id": "",
            "tags": {},
            "tags_all": {},
            "throughput": 0,
            "volume_id": "vol-0e34e5d4a1af77edc",
            "volume_size": 8,
            "volume_type": "gp2"
          }
        ],
        "secondary_private_ips": [],
        "security_groups": [
          "default"
        ],
        "source_dest_check": true,
        "spot_instance_request_id": "",
        "subnet_id": "subnet-090ef1320332c5743",
        "tags": null,
        "tags_all": {},
        "tenancy": "default",
        "timeouts": null,
        "user_data": null,
        "user_data_base64": null,
        "user_data_replace_on_change": false,
        "volume_tags": null,
        "vpc_security_group_ids": [
          "sg-0996ffe0a1bcef6b1"
        ]
      },
      "type": [
        "object",
        {
          "ami": "string",
          "arn": "string",
          "associate_public_ip_address": "bool",
          "availability_zone": "string",
          "capacity_reservation_specification": [
            "list",
            [
              "object",
              {
                "capacity_reservation_preference": "string",
                "capacity_reservation_target": [
                  "list",
                  [
                    "object",
                    {
                      "capacity_reservation_id": "string",
                      "capacity_reservation_resource_group_arn": "string"
                    }
                  ]
                ]
              }
            ]
          ],
          "cpu_core_count": "number",
          "cpu_options": [
            "list",
            [
              "object",
              {
                "amd_sev_snp": "string",
                "core_count": "number",
                "threads_per_core": "number"
              }
            ]
          ],
          "cpu_threads_per_core": "number",
          "credit_specification": [
            "list",
            [
              "object",
              {
                "cpu_credits": "string"
              }
            ]
          ],
          "disable_api_stop": "bool",
          "disable_api_termination": "bool",
          "ebs_block_device": [
            "set",
            [
              "object",
              {
                "delete_on_termination": "bool",
                "device_name": "string",
                "encrypted": "bool",
                "iops": "number",
                "kms_key_id": "string",
                "snapshot_id": "string",
                "tags": [
                  "map",
                  "string"
                ],
                "tags_all": [
                  "map",
                  "string"
                ],
                "throughput": "number",
                "volume_id": "string",
                "volume_size": "number",
                "volume_type": "string"
              }
            ]
          ],
          "ebs_optimized": "bool",
          "enable_primary_ipv6": "bool",
          "enclave_options": [
            "list",
            [
              "object",
              {
                "enabled": "bool"
              }
            ]
          ],
          "ephemeral_block_device": [
            "set",
            [
              "object",
              {
                "device_name": "string",
                "no_device": "bool",
                "virtual_name": "string"
              }
            ]
          ],
          "get_password_data": "bool",
          "hibernation": "bool",
          "host_id": "string",
          "host_resource_group_arn": "string",
          "iam_instance_profile": "string",
          "id": "string",
          "instance_initiated_shutdown_behavior": "string",
          "instance_lifecycle": "string",
          "instance_market_options": [
            "list",
            [
              "object",
              {
                "market_type": "string",
                "spot_options": [
                  "list",
                  [
                    "object",
                    {
                      "instance_interruption_behavior": "string",
                      "max_price": "string",
                      "spot_instance_type": "string",
                      "valid_until": "string"
                    }
                  ]
                ]
              }
            ]
          ],
          "instance_state": "string",
          "instance_type": "string",
          "ipv6_address_count": "number",
          "ipv6_addresses": [
            "list",
            "string"
          ],
          "key_name": "string",
          "launch_template": [
            "list",
            [
              "object",
              {
                "id": "string",
                "name": "string",
                "version": "string"
              }
            ]
          ],
          "maintenance_options": [
            "list",
            [
              "object",
              {
                "auto_recovery": "string"
              }
            ]
          ],
          "metadata_options": [
            "list",
            [
              "object",
              {
                "http_endpoint": "string",
                "http_protocol_ipv6": "string",
                "http_put_response_hop_limit": "number",
                "http_tokens": "string",
                "instance_metadata_tags": "string"
              }
            ]
          ],
          "monitoring": "bool",
          "network_interface": [
            "set",
            [
              "object",
              {
                "delete_on_termination": "bool",
                "device_index": "number",
                "network_card_index": "number",
                "network_interface_id": "string"
              }
            ]
          ],
          "outpost_arn": "string",
          "password_data": "string",
          "placement_group": "string",
          "placement_partition_number": "number",
          "primary_network_interface_id": "string",
          "private_dns": "string",
          "private_dns_name_options": [
            "list",
            [
              "object",
              {
                "enable_resource_name_dns_a_record": "bool",
                "enable_resource_name_dns_aaaa_record": "bool",
                "hostname_type": "string"
              }
            ]
          ],
          "private_ip": "string",
          "public_dns": "string",
          "public_ip": "string",
          "root_block_device": [
            "list",
            [
              "object",
              {
                "delete_on_termination": "bool",
                "device_name": "string",
                "encrypted": "bool",
                "iops": "number",
                "kms_key_id": "string",
                "tags": [
                  "map",
                  "string"
                ],
                "tags_all": [
                  "map",
                  "string"
                ],
                "throughput": "number",
                "volume_id": "string",
                "volume_size": "number",
                "volume_type": "string"
              }
            ]
          ],
          "secondary_private_ips": [
            "set",
            "string"
          ],
          "security_groups": [
            "set",
            "string"
          ],
          "source_dest_check": "bool",
          "spot_instance_request_id": "string",
          "subnet_id": "string",
          "tags": [
            "map",
            "string"
          ],
          "tags_all": [
            "map",
            "string"
          ],
          "tenancy": "string",
          "timeouts": [
            "object",
            {
              "create": "string",
              "delete": "string",
              "read": "string",
              "update": "string"
            }
          ],
          "user_data": "string",
          "user_data_base64": "string",
          "user_data_replace_on_change": "bool",
          "volume_tags": [
            "map",
            "string"
          ],
          "vpc_security_group_ids": [
            "set",
            "string"
          ]
        }
      ]
    },
    "aws_instance_arn": {
      "value": "arn:aws:ec2:ap-south-1:433154991296:instance/i-00bb8ebace9ea2575",
      "type": "string"
    },
    "aws_instance_ip": {
      "value": "172.31.20.228",
      "type": "string"
    }
  },
  "resources": [
    {
      "mode": "data",
      "type": "aws_ami",
      "name": "ubuntu",
      "provider": "provider[\"registry.terraform.io/hashicorp/aws\"]",
      "instances": [
        {
          "schema_version": 0,
          "attributes": {
            "architecture": "x86_64",
            "arn": "arn:aws:ec2:ap-south-1::image/ami-06cc5ebfb8571a147",
            "block_device_mappings": [
              {
                "device_name": "/dev/sda1",
                "ebs": {
                  "delete_on_termination": "true",
                  "encrypted": "false",
                  "iops": "0",
                  "snapshot_id": "snap-00ceaac6accfcd698",
                  "throughput": "0",
                  "volume_initialization_rate": "0",
                  "volume_size": "8",
                  "volume_type": "gp2"
                },
                "no_device": "",
                "virtual_name": ""
              },
              {
                "device_name": "/dev/sdb",
                "ebs": {},
                "no_device": "",
                "virtual_name": "ephemeral0"
              },
              {
                "device_name": "/dev/sdc",
                "ebs": {},
                "no_device": "",
                "virtual_name": "ephemeral1"
              }
            ],
            "boot_mode": "legacy-bios",
            "creation_date": "2025-06-25T05:32:35.000Z",
            "deprecation_time": "2027-06-25T05:32:35.000Z",
            "description": "Canonical, Ubuntu, 20.04, amd64 focal image",
            "ena_support": true,
            "executable_users": null,
            "filter": [
              {
                "name": "name",
                "values": [
                  "ubuntu/images/hvm-ssd/ubuntu-focal-20.04-amd64-server-*"
                ]
              },
              {
                "name": "virtualization-type",
                "values": [
                  "hvm"
                ]
              }
            ],
            "hypervisor": "xen",
            "id": "ami-06cc5ebfb8571a147",
            "image_id": "ami-06cc5ebfb8571a147",
            "image_location": "amazon/ubuntu/images/hvm-ssd/ubuntu-focal-20.04-amd64-server-20250624",
            "image_owner_alias": "amazon",
            "image_type": "machine",
            "imds_support": "",
            "include_deprecated": false,
            "kernel_id": "",
            "last_launched_time": "",
            "most_recent": true,
            "name": "ubuntu/images/hvm-ssd/ubuntu-focal-20.04-amd64-server-20250624",
            "name_regex": null,
            "owner_id": "099720109477",
            "owners": [
              "099720109477"
            ],
            "platform": "",
            "platform_details": "Linux/UNIX",
            "product_codes": [],
            "public": true,
            "ramdisk_id": "",
            "root_device_name": "/dev/sda1",
            "root_device_type": "ebs",
            "root_snapshot_id": "snap-00ceaac6accfcd698",
            "sriov_net_support": "simple",
            "state": "available",
            "state_reason": {
              "code": "UNSET",
              "message": "UNSET"
            },
            "tags": {},
            "timeouts": null,
            "tpm_support": "",
            "uefi_data": null,
            "usage_operation": "RunInstances",
            "virtualization_type": "hvm"
          },
          "sensitive_attributes": [],
          "identity_schema_version": 0
        }
      ]
    },
    {
      "mode": "data",
      "type": "aws_subnets",
      "name": "default",
      "provider": "provider[\"registry.terraform.io/hashicorp/aws\"]",
      "instances": [
        {
          "schema_version": 0,
          "attributes": {
            "filter": [
              {
                "name": "vpc-id",
                "values": [
                  "vpc-0679c648691f6fece"
                ]
              }
            ],
            "id": "ap-south-1",
            "ids": [
              "subnet-090ef1320332c5743",
              "subnet-09d17dfbfc9906626",
              "subnet-07641eb81be29246b"
            ],
            "tags": null,
            "timeouts": null
          },
          "sensitive_attributes": [],
          "identity_schema_version": 0
        }
      ]
    },
    {
      "mode": "data",
      "type": "aws_vpc",
      "name": "default",
      "provider": "provider[\"registry.terraform.io/hashicorp/aws\"]",
      "instances": [
        {
          "schema_version": 0,
          "attributes": {
            "arn": "arn:aws:ec2:ap-south-1:433154991296:vpc/vpc-0679c648691f6fece",
            "cidr_block": "172.31.0.0/16",
            "cidr_block_associations": [
              {
                "association_id": "vpc-cidr-assoc-04b63d0345e204782",
                "cidr_block": "172.31.0.0/16",
                "state": "associated"
              }
            ],
            "default": true,
            "dhcp_options_id": "dopt-0f6a9733ea3dcebd3",
            "enable_dns_hostnames": true,
            "enable_dns_support": true,
            "enable_network_address_usage_metrics": false,
            "filter": null,
            "id": "vpc-0679c648691f6fece",
            "instance_tenancy": "default",
            "ipv6_association_id": "",
            "ipv6_cidr_block": "",
            "main_route_table_id": "rtb-077526d045f1fc571",
            "owner_id": "433154991296",
            "state": null,
            "tags": {},
            "timeouts": null
          },
          "sensitive_attributes": [],
          "identity_schema_version": 0
        }
      ]
    },
    {
      "mode": "managed",
      "type": "aws_instance",
      "name": "hello_world",
      "provider": "provider[\"registry.terraform.io/hashicorp/aws\"]",
      "instances": [
        {
          "schema_version": 1,
          "attributes": {
            "ami": "ami-06cc5ebfb8571a147",
            "arn": "arn:aws:ec2:ap-south-1:433154991296:instance/i-00bb8ebace9ea2575",
            "associate_public_ip_address": true,
            "availability_zone": "ap-south-1c",
            "capacity_reservation_specification": [
              {
                "capacity_reservation_preference": "open",
                "capacity_reservation_target": []
              }
            ],
            "cpu_core_count": 1,
            "cpu_options": [
              {
                "amd_sev_snp": "",
                "core_count": 1,
                "threads_per_core": 2
              }
            ],
            "cpu_threads_per_core": 2,
            "credit_specification": [
              {
                "cpu_credits": "unlimited"
              }
            ],
            "disable_api_stop": false,
            "disable_api_termination": false,
            "ebs_block_device": [],
            "ebs_optimized": false,
            "enable_primary_ipv6": null,
            "enclave_options": [
              {
                "enabled": false
              }
            ],
            "ephemeral_block_device": [],
            "get_password_data": false,
            "hibernation": false,
            "host_id": "",
            "host_resource_group_arn": null,
            "iam_instance_profile": "",
            "id": "i-00bb8ebace9ea2575",
            "instance_initiated_shutdown_behavior": "stop",
            "instance_lifecycle": "",
            "instance_market_options": [],
            "instance_state": "running",
            "instance_type": "t3.micro",
            "ipv6_address_count": 0,
            "ipv6_addresses": [],
            "key_name": "",
            "launch_template": [],
            "maintenance_options": [
              {
                "auto_recovery": "default"
              }
            ],
            "metadata_options": [
              {
                "http_endpoint": "enabled",
                "http_protocol_ipv6": "disabled",
                "http_put_response_hop_limit": 1,
                "http_tokens": "optional",
                "instance_metadata_tags": "disabled"
              }
            ],
            "monitoring": false,
            "network_interface": [],
            "outpost_arn": "",
            "password_data": "",
            "placement_group": "",
            "placement_partition_number": 0,
            "primary_network_interface_id": "eni-0519d8103af0672de",
            "private_dns": "ip-172-31-20-228.ap-south-1.compute.internal",
            "private_dns_name_options": [
              {
                "enable_resource_name_dns_a_record": false,
                "enable_resource_name_dns_aaaa_record": false,
                "hostname_type": "ip-name"
              }
            ],
            "private_ip": "172.31.20.228",
            "public_dns": "ec2-3-110-100-16.ap-south-1.compute.amazonaws.com",
            "public_ip": "3.110.100.16",
            "root_block_device": [
              {
                "delete_on_termination": true,
                "device_name": "/dev/sda1",
                "encrypted": false,
                "iops": 100,
                "kms_key_id": "",
                "tags": {},
                "tags_all": {},
                "throughput": 0,
                "volume_id": "vol-0e34e5d4a1af77edc",
                "volume_size": 8,
                "volume_type": "gp2"
              }
            ],
            "secondary_private_ips": [],
            "security_groups": [
              "default"
            ],
            "source_dest_check": true,
            "spot_instance_request_id": "",
            "subnet_id": "subnet-090ef1320332c5743",
            "tags": null,
            "tags_all": {},
            "tenancy": "default",
            "timeouts": null,
            "user_data": null,
            "user_data_base64": null,
            "user_data_replace_on_change": false,
            "volume_tags": null,
            "vpc_security_group_ids": [
              "sg-0996ffe0a1bcef6b1"
            ]
          },
          "sensitive_attributes": [],
          "identity_schema_version": 0,
          "private": "eyJlMmJmYjczMC1lY2FhLTExZTYtOGY4OC0zNDM2M2JjN2M0YzAiOnsiY3JlYXRlIjo2MDAwMDAwMDAwMDAsImRlbGV0ZSI6MTIwMDAwMDAwMDAwMCwicmVhZCI6OTAwMDAwMDAwMDAwLCJ1cGRhdGUiOjYwMDAwMDAwMDAwMH0sInNjaGVtYV92ZXJzaW9uIjoiMSJ9",
          "dependencies": [
            "data.aws_ami.ubuntu",
            "data.aws_subnets.default",
            "data.aws_vpc.default"
          ]
        }
      ]
    }
  ],
  "check_results": null
}
